
Microsoft Visual Studio Solution File, Format Version 12.00
# Visual Studio Version 16
VisualStudioVersion = 16.0.31112.23
MinimumVisualStudioVersion = 10.0.40219.1
Project("{9A19103F-16F7-4668-BE54-9A1E7A4F7556}") = "UvA.TeamsLTI.Web", "UvA.TeamsLTI.Web\UvA.TeamsLTI.Web.csproj", "{4230449A-655E-43E5-96F9-FDF93911AFA8}"
EndProject
Project("{9A19103F-16F7-4668-BE54-9A1E7A4F7556}") = "UvA.Connectors.Brightspace", "..\UvA.Connectors.Brightspace\UvA.Connectors.Brightspace\UvA.Connectors.Brightspace.csproj", "{0193E554-213E-4858-80E3-A4ED684FA992}"
EndProject
Project("{9A19103F-16F7-4668-BE54-9A1E7A4F7556}") = "UvA.TeamsLTI.Data", "UvA.TeamsLTI.Data\UvA.TeamsLTI.Data.csproj", "{ADFE3A43-584E-4694-BAE1-FFC944F770C1}"
EndProject
Project("{9A19103F-16F7-4668-BE54-9A1E7A4F7556}") = "UvA.TeamsLTI.TestTool", "UvA.TeamsLTI.TestTool\UvA.TeamsLTI.TestTool.csproj", "{3E41341D-3280-4CD8-9ECE-B5900B6031DA}"
EndProject
Project("{9A19103F-16F7-4668-BE54-9A1E7A4F7556}") = "UvA.Connectors.Teams", "..\UvA.Connectors.Teams\UvA.Connectors.Teams\UvA.Connectors.Teams.csproj", "{423A9587-8161-486A-B34B-A6F67C90AC9F}"
EndProject
Global
	GlobalSection(SolutionConfigurationPlatforms) = preSolution
		Debug|Any CPU = Debug|Any CPU
		Release|Any CPU = Release|Any CPU
	EndGlobalSection
	GlobalSection(ProjectConfigurationPlatforms) = postSolution
		{4230449A-655E-43E5-96F9-FDF93911AFA8}.Debug|Any CPU.ActiveCfg = Debug|Any CPU
		{4230449A-655E-43E5-96F9-FDF93911AFA8}.Debug|Any CPU.Build.0 = Debug|Any CPU
		{4230449A-655E-43E5-96F9-FDF93911AFA8}.Release|Any CPU.ActiveCfg = Release|Any CPU
		{4230449A-655E-43E5-96F9-FDF93911AFA8}.Release|Any CPU.Build.0 = Release|Any CPU
		{0193E554-213E-4858-80E3-A4ED684FA992}.Debug|Any CPU.ActiveCfg = Debug|Any CPU
		{0193E554-213E-4858-80E3-A4ED684FA992}.Debug|Any CPU.Build.0 = Debug|Any CPU
		{0193E554-213E-4858-80E3-A4ED684FA992}.Release|Any CPU.ActiveCfg = Release|Any CPU
		{0193E554-213E-4858-80E3-A4ED684FA992}.Release|Any CPU.Build.0 = Release|Any CPU
		{ADFE3A43-584E-4694-BAE1-FFC944F770C1}.Debug|Any CPU.ActiveCfg = Debug|Any CPU
		{ADFE3A43-584E-4694-BAE1-FFC944F770C1}.Debug|Any CPU.Build.0 = Debug|Any CPU
		{ADFE3A43-584E-4694-BAE1-FFC944F770C1}.Release|Any CPU.ActiveCfg = Release|Any CPU
		{ADFE3A43-584E-4694-BAE1-FFC944F770C1}.Release|Any CPU.Build.0 = Release|Any CPU
		{3E41341D-3280-4CD8-9ECE-B5900B6031DA}.Debug|Any CPU.ActiveCfg = Debug|Any CPU
		{3E41341D-3280-4CD8-9ECE-B5900B6031DA}.Debug|Any CPU.Build.0 = Debug|Any CPU
		{3E41341D-3280-4CD8-9ECE-B5900B6031DA}.Release|Any CPU.ActiveCfg = Release|Any CPU
		{3E41341D-3280-4CD8-9ECE-B5900B6031DA}.Release|Any CPU.Build.0 = Release|Any CPU
		{423A9587-8161-486A-B34B-A6F67C90AC9F}.Debug|Any CPU.ActiveCfg = Debug|Any CPU
		{423A9587-8161-486A-B34B-A6F67C90AC9F}.Debug|Any CPU.Build.0 = Debug|Any CPU
		{423A9587-8161-486A-B34B-A6F67C90AC9F}.Release|Any CPU.ActiveCfg = Release|Any CPU
		{423A9587-8161-486A-B34B-A6F67C90AC9F}.Release|Any CPU.Build.0 = Release|Any CPU
	EndGlobalSection
	GlobalSection(SolutionProperties) = preSolution
		HideSolutionNode = FALSE
	EndGlobalSection
	GlobalSection(ExtensibilityGlobals) = postSolution
		SolutionGuid = {E8DA9F80-1174-4941-B8D2-5E381B5BCC75}
	EndGlobalSection
EndGlobal
